
Microsoft Visual Studio Solution File, Format Version 12.00
# Visual Studio Version 16
VisualStudioVersion = 16.0.30413.136
MinimumVisualStudioVersion = 10.0.40219.1
Project("{FAE04EC0-301F-11D3-BF4B-00C04F79EFBC}") = "StudentManagement", "StudentManagement.csproj", "{864CC006-99A9-46A2-951E-2409EF70AE6F}"
EndProject
Global
	GlobalSection(SolutionConfigurationPlatforms) = preSolution
		Debug|Any CPU = Debug|Any CPU
		Release|Any CPU = Release|Any CPU
	EndGlobalSection
	GlobalSection(ProjectConfigurationPlatforms) = postSolution
		{864CC006-99A9-46A2-951E-2409EF70AE6F}.Debug|Any CPU.ActiveCfg = Debug|Any CPU
		{864CC006-99A9-46A2-951E-2409EF70AE6F}.Debug|Any CPU.Build.0 = Debug|Any CPU
		{864CC006-99A9-46A2-951E-2409EF70AE6F}.Release|Any CPU.ActiveCfg = Release|Any CPU
		{864CC006-99A9-46A2-951E-2409EF70AE6F}.Release|Any CPU.Build.0 = Release|Any CPU
	EndGlobalSection
	GlobalSection(SolutionProperties) = preSolution
		HideSolutionNode = FALSE
	EndGlobalSection
	GlobalSection(ExtensibilityGlobals) = postSolution
		SolutionGuid = {DAA7FB4A-4E96-4823-9529-00561350D1AE}
	EndGlobalSection
EndGlobal
